{
  "name": "temp_icons",
  "lockfileVersion": 3,
  "requires": true,
  "packages": {
    "": {
      "dependencies": {
        "@fluentui/svg-icons": "^1.1.329"
      }
    },
    "node_modules/@fluentui/svg-icons": {
      "version": "1.1.329",
      "resolved": "https://registry.npmmirror.com/@fluentui/svg-icons/-/svg-icons-1.1.329.tgz",
      "integrity": "sha512-7cJ1We3dC1qH9rFS5eHmYHR6Wl3fBj7mudhLjt0QVtxi2v0tINj6oh5KPc/yfrLZNTwzyWRJDq+LhXeXl7bdcw==",
      "license": "MIT"
    }
  }
}
