<Solution>
    <Folder Name="/src/Plugin/">
        <Project Path="src/Plugin/LYBox.Plugin.Generators/LYBox.Plugin.Generators.csproj" />
        <Project Path="src/Plugin/LYBox.Plugin.Shared/LYBox.Plugin.Shared.csproj" />
        <Project Path="src/Plugin/LYBox.Plugin.Shared.Web/LYBox.Plugin.Shared.Web.csproj" />
    </Folder>
    <Folder Name="/src/Layout/">
        <Project Path="src/Layout/LYBox.Layout.Core/LYBox.Layout.Core.csproj" />
        <Project Path="src/Layout/LYBox.Layout.Ursa/LYBox.Layout.Ursa.csproj" />
    </Folder>
    <Folder Name="/src/App/">
        <Project Path="src/App/LYBox.Launcher.Desktop/LYBox.Launcher.Desktop.csproj" />
        <Project Path="src/App/LYBox.Launcher.Console/LYBox.Launcher.Console.csproj" />
    </Folder>
    <Folder Name="/src/Platforms/">
        <Project Path="src/Platforms/LYBox.Platforms.Abstractions/LYBox.Platforms.Abstractions.csproj" />
    </Folder>
    <Folder Name="/tests/">
        <Project Path="tests/LYBox.Tests/LYBox.Tests.csproj" />
    </Folder>
</Solution>
